
Microsoft Visual Studio Solution File, Format Version 12.00
# Visual Studio Version 17
VisualStudioVersion = 17.11.35208.52
MinimumVisualStudioVersion = 10.0.40219.1
Project("{9A19103F-16F7-4668-BE54-9A1E7A4F7556}") = "H2MLauncher.UI", "H2MLauncher.UI\H2MLauncher.UI.csproj", "{543760DC-3F08-442E-9394-300BF75165C6}"
EndProject
Project("{9A19103F-16F7-4668-BE54-9A1E7A4F7556}") = "H2MLauncher.Core", "H2MLauncher.Core\H2MLauncher.Core.csproj", "{A628215E-2BF7-481E-A74C-6D789E9CB639}"
EndProject
Project("{9A19103F-16F7-4668-BE54-9A1E7A4F7556}") = "H2MLauncher.CLI", "H2MLauncher.CLI\H2MLauncher.CLI.csproj", "{FDC0C8F6-FC63-422D-8D29-E87380DCF26E}"
EndProject
Project("{9A19103F-16F7-4668-BE54-9A1E7A4F7556}") = "MatchmakingServer", "MatchmakingServer\MatchmakingServer.csproj", "{92A62ADB-DEA0-4828-B65F-EE6D3DE9F653}"
EndProject
Project("{FAE04EC0-301F-11D3-BF4B-00C04F79EFBC}") = "MatchmakingServer.Tests", "MatchmakingServer.Tests\MatchmakingServer.Tests.csproj", "{0A39CB47-BFA0-4F7A-B69D-92687A477402}"
EndProject
Global
	GlobalSection(SolutionConfigurationPlatforms) = preSolution
		Debug|Any CPU = Debug|Any CPU
		Release|Any CPU = Release|Any CPU
	EndGlobalSection
	GlobalSection(ProjectConfigurationPlatforms) = postSolution
		{543760DC-3F08-442E-9394-300BF75165C6}.Debug|Any CPU.ActiveCfg = Debug|Any CPU
		{543760DC-3F08-442E-9394-300BF75165C6}.Debug|Any CPU.Build.0 = Debug|Any CPU
		{543760DC-3F08-442E-9394-300BF75165C6}.Release|Any CPU.ActiveCfg = Release|Any CPU
		{543760DC-3F08-442E-9394-300BF75165C6}.Release|Any CPU.Build.0 = Release|Any CPU
		{A628215E-2BF7-481E-A74C-6D789E9CB639}.Debug|Any CPU.ActiveCfg = Debug|Any CPU
		{A628215E-2BF7-481E-A74C-6D789E9CB639}.Debug|Any CPU.Build.0 = Debug|Any CPU
		{A628215E-2BF7-481E-A74C-6D789E9CB639}.Release|Any CPU.ActiveCfg = Release|Any CPU
		{A628215E-2BF7-481E-A74C-6D789E9CB639}.Release|Any CPU.Build.0 = Release|Any CPU
		{FDC0C8F6-FC63-422D-8D29-E87380DCF26E}.Debug|Any CPU.ActiveCfg = Debug|Any CPU
		{FDC0C8F6-FC63-422D-8D29-E87380DCF26E}.Debug|Any CPU.Build.0 = Debug|Any CPU
		{FDC0C8F6-FC63-422D-8D29-E87380DCF26E}.Release|Any CPU.ActiveCfg = Release|Any CPU
		{FDC0C8F6-FC63-422D-8D29-E87380DCF26E}.Release|Any CPU.Build.0 = Release|Any CPU
		{92A62ADB-DEA0-4828-B65F-EE6D3DE9F653}.Debug|Any CPU.ActiveCfg = Debug|Any CPU
		{92A62ADB-DEA0-4828-B65F-EE6D3DE9F653}.Debug|Any CPU.Build.0 = Debug|Any CPU
		{92A62ADB-DEA0-4828-B65F-EE6D3DE9F653}.Release|Any CPU.ActiveCfg = Release|Any CPU
		{92A62ADB-DEA0-4828-B65F-EE6D3DE9F653}.Release|Any CPU.Build.0 = Release|Any CPU
		{0A39CB47-BFA0-4F7A-B69D-92687A477402}.Debug|Any CPU.ActiveCfg = Debug|Any CPU
		{0A39CB47-BFA0-4F7A-B69D-92687A477402}.Debug|Any CPU.Build.0 = Debug|Any CPU
		{0A39CB47-BFA0-4F7A-B69D-92687A477402}.Release|Any CPU.ActiveCfg = Release|Any CPU
		{0A39CB47-BFA0-4F7A-B69D-92687A477402}.Release|Any CPU.Build.0 = Release|Any CPU
	EndGlobalSection
	GlobalSection(SolutionProperties) = preSolution
		HideSolutionNode = FALSE
	EndGlobalSection
	GlobalSection(ExtensibilityGlobals) = postSolution
		SolutionGuid = {3D9EAC32-82EA-480B-8FF8-E47B9D053CC4}
	EndGlobalSection
EndGlobal
