
Microsoft Visual Studio Solution File, Format Version 12.00
# Visual Studio Version 17
VisualStudioVersion = 17.5.002.0
MinimumVisualStudioVersion = 10.0.40219.1
Project("{9A19103F-16F7-4668-BE54-9A1E7A4F7556}") = "MatchmakingServer", "MatchmakingServer.csproj", "{BE7EC6BB-D128-4C5B-ABBF-312DF57A61A4}"
EndProject
Global
	GlobalSection(SolutionConfigurationPlatforms) = preSolution
		Debug|Any CPU = Debug|Any CPU
		Release|Any CPU = Release|Any CPU
	EndGlobalSection
	GlobalSection(ProjectConfigurationPlatforms) = postSolution
		{BE7EC6BB-D128-4C5B-ABBF-312DF57A61A4}.Debug|Any CPU.ActiveCfg = Debug|Any CPU
		{BE7EC6BB-D128-4C5B-ABBF-312DF57A61A4}.Debug|Any CPU.Build.0 = Debug|Any CPU
		{BE7EC6BB-D128-4C5B-ABBF-312DF57A61A4}.Release|Any CPU.ActiveCfg = Release|Any CPU
		{BE7EC6BB-D128-4C5B-ABBF-312DF57A61A4}.Release|Any CPU.Build.0 = Release|Any CPU
	EndGlobalSection
	GlobalSection(SolutionProperties) = preSolution
		HideSolutionNode = FALSE
	EndGlobalSection
	GlobalSection(ExtensibilityGlobals) = postSolution
		SolutionGuid = {31C4EFFC-8E82-4351-89A5-1EE8A88722BB}
	EndGlobalSection
EndGlobal
